
Microsoft Visual Studio Solution File, Format Version 12.00
# Visual Studio Version 17
VisualStudioVersion = 17.1.32414.318
MinimumVisualStudioVersion = 10.0.40219.1
Project("{FAE04EC0-301F-11D3-BF4B-00C04F79EFBC}") = "Ventas", "Ventas\Ventas.csproj", "{82564B1C-3283-481B-948B-E10261BA9C50}"
EndProject
Global
	GlobalSection(SolutionConfigurationPlatforms) = preSolution
		Debug|Any CPU = Debug|Any CPU
		Release|Any CPU = Release|Any CPU
	EndGlobalSection
	GlobalSection(ProjectConfigurationPlatforms) = postSolution
		{82564B1C-3283-481B-948B-E10261BA9C50}.Debug|Any CPU.ActiveCfg = Debug|Any CPU
		{82564B1C-3283-481B-948B-E10261BA9C50}.Debug|Any CPU.Build.0 = Debug|Any CPU
		{82564B1C-3283-481B-948B-E10261BA9C50}.Release|Any CPU.ActiveCfg = Release|Any CPU
		{82564B1C-3283-481B-948B-E10261BA9C50}.Release|Any CPU.Build.0 = Release|Any CPU
	EndGlobalSection
	GlobalSection(SolutionProperties) = preSolution
		HideSolutionNode = FALSE
	EndGlobalSection
	GlobalSection(ExtensibilityGlobals) = postSolution
		SolutionGuid = {F27D31F2-C2D9-4B59-85C1-F650F78E46E5}
	EndGlobalSection
EndGlobal
